
Microsoft Visual Studio Solution File, Format Version 12.00
# Visual Studio Version 17
VisualStudioVersion = 17.12.35521.163 d17.12
MinimumVisualStudioVersion = 10.0.40219.1
Project("{FAE04EC0-301F-11D3-BF4B-00C04F79EFBC}") = "AppHost", "AppHost\AppHost.csproj", "{94417442-1161-4083-A60C-DEF20E33CBA1}"
EndProject
Project("{FAE04EC0-301F-11D3-BF4B-00C04F79EFBC}") = "AppRepository", "AppRepository\AppRepository.csproj", "{569433AF-EEF0-482E-9F81-697FB16FBAA1}"
EndProject
Project("{2150E333-8FDC-42A3-9474-1A3956D46DE8}") = "modules", "modules", "{53298463-D77D-4905-A8BE-121F153F2F1F}"
EndProject
Project("{FAE04EC0-301F-11D3-BF4B-00C04F79EFBC}") = "Helper", "modules\Helper\Helper.csproj", "{94BC5B57-A492-4302-A5DD-0A1C5F0C5A45}"
EndProject
Project("{FAE04EC0-301F-11D3-BF4B-00C04F79EFBC}") = "AppApplication", "AppApplication\AppApplication.csproj", "{225AF1AA-8001-47EC-8EBD-234207728269}"
EndProject
Global
	GlobalSection(SolutionConfigurationPlatforms) = preSolution
		Debug|Any CPU = Debug|Any CPU
		Release|Any CPU = Release|Any CPU
	EndGlobalSection
	GlobalSection(ProjectConfigurationPlatforms) = postSolution
		{94417442-1161-4083-A60C-DEF20E33CBA1}.Debug|Any CPU.ActiveCfg = Debug|Any CPU
		{94417442-1161-4083-A60C-DEF20E33CBA1}.Debug|Any CPU.Build.0 = Debug|Any CPU
		{94417442-1161-4083-A60C-DEF20E33CBA1}.Release|Any CPU.ActiveCfg = Release|Any CPU
		{94417442-1161-4083-A60C-DEF20E33CBA1}.Release|Any CPU.Build.0 = Release|Any CPU
		{569433AF-EEF0-482E-9F81-697FB16FBAA1}.Debug|Any CPU.ActiveCfg = Debug|Any CPU
		{569433AF-EEF0-482E-9F81-697FB16FBAA1}.Debug|Any CPU.Build.0 = Debug|Any CPU
		{569433AF-EEF0-482E-9F81-697FB16FBAA1}.Release|Any CPU.ActiveCfg = Release|Any CPU
		{569433AF-EEF0-482E-9F81-697FB16FBAA1}.Release|Any CPU.Build.0 = Release|Any CPU
		{94BC5B57-A492-4302-A5DD-0A1C5F0C5A45}.Debug|Any CPU.ActiveCfg = Debug|Any CPU
		{94BC5B57-A492-4302-A5DD-0A1C5F0C5A45}.Debug|Any CPU.Build.0 = Debug|Any CPU
		{94BC5B57-A492-4302-A5DD-0A1C5F0C5A45}.Release|Any CPU.ActiveCfg = Release|Any CPU
		{94BC5B57-A492-4302-A5DD-0A1C5F0C5A45}.Release|Any CPU.Build.0 = Release|Any CPU
		{225AF1AA-8001-47EC-8EBD-234207728269}.Debug|Any CPU.ActiveCfg = Debug|Any CPU
		{225AF1AA-8001-47EC-8EBD-234207728269}.Debug|Any CPU.Build.0 = Debug|Any CPU
		{225AF1AA-8001-47EC-8EBD-234207728269}.Release|Any CPU.ActiveCfg = Release|Any CPU
		{225AF1AA-8001-47EC-8EBD-234207728269}.Release|Any CPU.Build.0 = Release|Any CPU
	EndGlobalSection
	GlobalSection(SolutionProperties) = preSolution
		HideSolutionNode = FALSE
	EndGlobalSection
	GlobalSection(NestedProjects) = preSolution
		{94BC5B57-A492-4302-A5DD-0A1C5F0C5A45} = {53298463-D77D-4905-A8BE-121F153F2F1F}
	EndGlobalSection
EndGlobal
